
Microsoft Visual Studio Solution File, Format Version 12.00
# Visual Studio Version 17
VisualStudioVersion = 17.5.33424.131
MinimumVisualStudioVersion = 10.0.40219.1
Project("{9A19103F-16F7-4668-BE54-9A1E7A4F7556}") = "PathSharp", "PathSharp\PathSharp.csproj", "{FEB23BA5-09EB-4AC4-8D02-75C9A90DE274}"
EndProject
Project("{FAE04EC0-301F-11D3-BF4B-00C04F79EFBC}") = "PathSharpTests", "PathSharpTests\PathSharpTests.csproj", "{CCD6DC8F-07F6-432E-83C5-9200116E7645}"
EndProject
Global
	GlobalSection(SolutionConfigurationPlatforms) = preSolution
		Debug|Any CPU = Debug|Any CPU
		Release|Any CPU = Release|Any CPU
	EndGlobalSection
	GlobalSection(ProjectConfigurationPlatforms) = postSolution
		{FEB23BA5-09EB-4AC4-8D02-75C9A90DE274}.Debug|Any CPU.ActiveCfg = Debug|Any CPU
		{FEB23BA5-09EB-4AC4-8D02-75C9A90DE274}.Debug|Any CPU.Build.0 = Debug|Any CPU
		{FEB23BA5-09EB-4AC4-8D02-75C9A90DE274}.Release|Any CPU.ActiveCfg = Release|Any CPU
		{FEB23BA5-09EB-4AC4-8D02-75C9A90DE274}.Release|Any CPU.Build.0 = Release|Any CPU
		{CCD6DC8F-07F6-432E-83C5-9200116E7645}.Debug|Any CPU.ActiveCfg = Debug|Any CPU
		{CCD6DC8F-07F6-432E-83C5-9200116E7645}.Debug|Any CPU.Build.0 = Debug|Any CPU
		{CCD6DC8F-07F6-432E-83C5-9200116E7645}.Release|Any CPU.ActiveCfg = Release|Any CPU
		{CCD6DC8F-07F6-432E-83C5-9200116E7645}.Release|Any CPU.Build.0 = Release|Any CPU
	EndGlobalSection
	GlobalSection(SolutionProperties) = preSolution
		HideSolutionNode = FALSE
	EndGlobalSection
	GlobalSection(ExtensibilityGlobals) = postSolution
		SolutionGuid = {7B3BE118-0670-4D14-B934-8E7FADA75EDA}
	EndGlobalSection
EndGlobal
